// !$*UTF8*$!
{
	archiveVersion = 1;
	classes = {
	};
	objectVersion = 46;
	objects = {

/* Begin PBXBuildFile section */
		1520FDDD1B33E6D2000A5717 /* main.m in Sources */ = {isa = PBXBuildFile; fileRef = 1520FDDC1B33E6D2000A5717 /* main.m */; };
		1520FDE01B33E6D2000A5717 /* AppDelegate.m in Sources */ = {isa = PBXBuildFile; fileRef = 1520FDDF1B33E6D2000A5717 /* AppDelegate.m */; };
		1520FDE31B33E6D2000A5717 /* ViewController.m in Sources */ = {isa = PBXBuildFile; fileRef = 1520FDE21B33E6D2000A5717 /* ViewController.m */; };
		1520FDE61B33E6D2000A5717 /* Main.storyboard in Resources */ = {isa = PBXBuildFile; fileRef = 1520FDE41B33E6D2000A5717 /* Main.storyboard */; };
		1520FDE81B33E6D2000A5717 /* Images.xcassets in Resources */ = {isa = PBXBuildFile; fileRef = 1520FDE71B33E6D2000A5717 /* Images.xcassets */; };
		1520FDEB1B33E6D2000A5717 /* LaunchScreen.xib in Resources */ = {isa = PBXBuildFile; fileRef = 1520FDE91B33E6D2000A5717 /* LaunchScreen.xib */; };
		1520FDF71B33E6D2000A5717 /* ApplicationManagerTests.m in Sources */ = {isa = PBXBuildFile; fileRef = 1520FDF61B33E6D2000A5717 /* ApplicationManagerTests.m */; };
		1520FE011B33E798000A5717 /* app.plist in Resources */ = {isa = PBXBuildFile; fileRef = 1520FE001B33E798000A5717 /* app.plist */; };
		1520FE041B33E802000A5717 /* AppInfo.m in Sources */ = {isa = PBXBuildFile; fileRef = 1520FE031B33E802000A5717 /* AppInfo.m */; };
		1520FE071B33F411000A5717 /* AppView.m in Sources */ = {isa = PBXBuildFile; fileRef = 1520FE061B33F411000A5717 /* AppView.m */; };
		1520FE091B33F442000A5717 /* AppView.xib in Resources */ = {isa = PBXBuildFile; fileRef = 1520FE081B33F442000A5717 /* AppView.xib */; };
/* End PBXBuildFile section */

/* Begin PBXContainerItemProxy section */
		1520FDF11B33E6D2000A5717 /* PBXContainerItemProxy */ = {
			isa = PBXContainerItemProxy;
			containerPortal = 1520FDCF1B33E6D2000A5717 /* Project object */;
			proxyType = 1;
			remoteGlobalIDString = 1520FDD61B33E6D2000A5717;
			remoteInfo = ApplicationManager;
		};
/* End PBXContainerItemProxy section */

/* Begin PBXFileReference section */
		1520FDD71B33E6D2000A5717 /* ApplicationManager.app */ = {isa = PBXFileReference; explicitFileType = wrapper.application; includeInIndex = 0; path = ApplicationManager.app; sourceTree = BUILT_PRODUCTS_DIR; };
		1520FDDB1B33E6D2000A5717 /* Info.plist */ = {isa = PBXFileReference; lastKnownFileType = text.plist.xml; path = Info.plist; sourceTree = "<group>"; };
		1520FDDC1B33E6D2000A5717 /* main.m */ = {isa = PBXFileReference; lastKnownFileType = sourcecode.c.objc; path = main.m; sourceTree = "<group>"; };
		1520FDDE1B33E6D2000A5717 /* AppDelegate.h */ = {isa = PBXFileReference; lastKnownFileType = sourcecode.c.h; path = AppDelegate.h; sourceTree = "<group>"; };
		1520FDDF1B33E6D2000A5717 /* AppDelegate.m */ = {isa = PBXFileReference; lastKnownFileType = sourcecode.c.objc; path = AppDelegate.m; sourceTree = "<group>"; };
		1520FDE11B33E6D2000A5717 /* ViewController.h */ = {isa = PBXFileReference; lastKnownFileType = sourcecode.c.h; path = ViewController.h; sourceTree = "<group>"; };
		1520FDE21B33E6D2000A5717 /* ViewController.m */ = {isa = PBXFileReference; lastKnownFileType = sourcecode.c.objc; path = ViewController.m; sourceTree = "<group>"; };
		1520FDE51B33E6D2000A5717 /* Base */ = {isa = PBXFileReference; lastKnownFileType = file.storyboard; name = Base; path = Base.lproj/Main.storyboard; sourceTree = "<group>"; };
		1520FDE71B33E6D2000A5717 /* Images.xcassets */ = {isa = PBXFileReference; lastKnownFileType = folder.assetcatalog; path = Images.xcassets; sourceTree = "<group>"; };
		1520FDEA1B33E6D2000A5717 /* Base */ = {isa = PBXFileReference; lastKnownFileType = file.xib; name = Base; path = Base.lproj/LaunchScreen.xib; sourceTree = "<group>"; };
		1520FDF01B33E6D2000A5717 /* ApplicationManagerTests.xctest */ = {isa = PBXFileReference; explicitFileType = wrapper.cfbundle; includeInIndex = 0; path = ApplicationManagerTests.xctest; sourceTree = BUILT_PRODUCTS_DIR; };
		1520FDF51B33E6D2000A5717 /* Info.plist */ = {isa = PBXFileReference; lastKnownFileType = text.plist.xml; path = Info.plist; sourceTree = "<group>"; };
		1520FDF61B33E6D2000A5717 /* ApplicationManagerTests.m */ = {isa = PBXFileReference; lastKnownFileType = sourcecode.c.objc; path = ApplicationManagerTests.m; sourceTree = "<group>"; };
		1520FE001B33E798000A5717 /* app.plist */ = {isa = PBXFileReference; fileEncoding = 4; lastKnownFileType = text.plist.xml; path = app.plist; sourceTree = "<group>"; };
		1520FE021B33E802000A5717 /* AppInfo.h */ = {isa = PBXFileReference; fileEncoding = 4; lastKnownFileType = sourcecode.c.h; path = AppInfo.h; sourceTree = "<group>"; };
		1520FE031B33E802000A5717 /* AppInfo.m */ = {isa = PBXFileReference; fileEncoding = 4; lastKnownFileType = sourcecode.c.objc; path = AppInfo.m; sourceTree = "<group>"; };
		1520FE051B33F411000A5717 /* AppView.h */ = {isa = PBXFileReference; fileEncoding = 4; lastKnownFileType = sourcecode.c.h; path = AppView.h; sourceTree = "<group>"; };
		1520FE061B33F411000A5717 /* AppView.m */ = {isa = PBXFileReference; fileEncoding = 4; lastKnownFileType = sourcecode.c.objc; path = AppView.m; sourceTree = "<group>"; };
		1520FE081B33F442000A5717 /* AppView.xib */ = {isa = PBXFileReference; fileEncoding = 4; lastKnownFileType = file.xib; path = AppView.xib; sourceTree = "<group>"; };
/* End PBXFileReference section */

/* Begin PBXFrameworksBuildPhase section */
		1520FDD41B33E6D2000A5717 /* Frameworks */ = {
			isa = PBXFrameworksBuildPhase;
			buildActionMask = 2147483647;
			files = (
			);
			runOnlyForDeploymentPostprocessing = 0;
		};
		1520FDED1B33E6D2000A5717 /* Frameworks */ = {
			isa = PBXFrameworksBuildPhase;
			buildActionMask = 2147483647;
			files = (
			);
			runOnlyForDeploymentPostprocessing = 0;
		};
/* End PBXFrameworksBuildPhase section */

/* Begin PBXGroup section */
		1520FDCE1B33E6D2000A5717 = {
			isa = PBXGroup;
			children = (
				1520FDD91B33E6D2000A5717 /* ApplicationManager */,
				1520FDF31B33E6D2000A5717 /* ApplicationManagerTests */,
				1520FDD81B33E6D2000A5717 /* Products */,
			);
			sourceTree = "<group>";
		};
		1520FDD81B33E6D2000A5717 /* Products */ = {
			isa = PBXGroup;
			children = (
				1520FDD71B33E6D2000A5717 /* ApplicationManager.app */,
				1520FDF01B33E6D2000A5717 /* ApplicationManagerTests.xctest */,
			);
			name = Products;
			sourceTree = "<group>";
		};
		1520FDD91B33E6D2000A5717 /* ApplicationManager */ = {
			isa = PBXGroup;
			children = (
				1520FDDE1B33E6D2000A5717 /* AppDelegate.h */,
				1520FDDF1B33E6D2000A5717 /* AppDelegate.m */,
				1520FDE11B33E6D2000A5717 /* ViewController.h */,
				1520FDE21B33E6D2000A5717 /* ViewController.m */,
				1520FE021B33E802000A5717 /* AppInfo.h */,
				1520FE031B33E802000A5717 /* AppInfo.m */,
				1520FE051B33F411000A5717 /* AppView.h */,
				1520FE061B33F411000A5717 /* AppView.m */,
				1520FE081B33F442000A5717 /* AppView.xib */,
				1520FDE41B33E6D2000A5717 /* Main.storyboard */,
				1520FDE71B33E6D2000A5717 /* Images.xcassets */,
				1520FDE91B33E6D2000A5717 /* LaunchScreen.xib */,
				1520FDDA1B33E6D2000A5717 /* Supporting Files */,
			);
			path = ApplicationManager;
			sourceTree = "<group>";
		};
		1520FDDA1B33E6D2000A5717 /* Supporting Files */ = {
			isa = PBXGroup;
			children = (
				1520FE001B33E798000A5717 /* app.plist */,
				1520FDDB1B33E6D2000A5717 /* Info.plist */,
				1520FDDC1B33E6D2000A5717 /* main.m */,
			);
			name = "Supporting Files";
			sourceTree = "<group>";
		};
		1520FDF31B33E6D2000A5717 /* ApplicationManagerTests */ = {
			isa = PBXGroup;
			children = (
				1520FDF61B33E6D2000A5717 /* ApplicationManagerTests.m */,
				1520FDF41B33E6D2000A5717 /* Supporting Files */,
			);
			path = ApplicationManagerTests;
			sourceTree = "<group>";
		};
		1520FDF41B33E6D2000A5717 /* Supporting Files */ = {
			isa = PBXGroup;
			children = (
				1520FDF51B33E6D2000A5717 /* Info.plist */,
			);
			name = "Supporting Files";
			sourceTree = "<group>";
		};
/* End PBXGroup section */

/* Begin PBXNativeTarget section */
		1520FDD61B33E6D2000A5717 /* ApplicationManager */ = {
			isa = PBXNativeTarget;
			buildConfigurationList = 1520FDFA1B33E6D2000A5717 /* Build configuration list for PBXNativeTarget "ApplicationManager" */;
			buildPhases = (
				1520FDD31B33E6D2000A5717 /* Sources */,
				1520FDD41B33E6D2000A5717 /* Frameworks */,
				1520FDD51B33E6D2000A5717 /* Resources */,
			);
			buildRules = (
			);
			dependencies = (
			);
			name = ApplicationManager;
			productName = ApplicationManager;
			productReference = 1520FDD71B33E6D2000A5717 /* ApplicationManager.app */;
			productType = "com.apple.product-type.application";
		};
		1520FDEF1B33E6D2000A5717 /* ApplicationManagerTests */ = {
			isa = PBXNativeTarget;
			buildConfigurationList = 1520FDFD1B33E6D2000A5717 /* Build configuration list for PBXNativeTarget "ApplicationManagerTests" */;
			buildPhases = (
				1520FDEC1B33E6D2000A5717 /* Sources */,
				1520FDED1B33E6D2000A5717 /* Frameworks */,
				1520FDEE1B33E6D2000A5717 /* Resources */,
			);
			buildRules = (
			);
			dependencies = (
				1520FDF21B33E6D2000A5717 /* PBXTargetDependency */,
			);
			name = ApplicationManagerTests;
			productName = ApplicationManagerTests;
			productReference = 1520FDF01B33E6D2000A5717 /* ApplicationManagerTests.xctest */;
			productType = "com.apple.product-type.bundle.unit-test";
		};
/* End PBXNativeTarget section */

/* Begin PBXProject section */
		1520FDCF1B33E6D2000A5717 /* Project object */ = {
			isa = PBXProject;
			attributes = {
				LastUpgradeCheck = 0640;
				ORGANIZATIONNAME = zhengna;
				TargetAttributes = {
					1520FDD61B33E6D2000A5717 = {
						CreatedOnToolsVersion = 6.4;
					};
					1520FDEF1B33E6D2000A5717 = {
						CreatedOnToolsVersion = 6.4;
						TestTargetID = 1520FDD61B33E6D2000A5717;
					};
				};
			};
			buildConfigurationList = 1520FDD21B33E6D2000A5717 /* Build configuration list for PBXProject "ApplicationManager" */;
			compatibilityVersion = "Xcode 3.2";
			developmentRegion = English;
			hasScannedForEncodings = 0;
			knownRegions = (
				en,
				Base,
			);
			mainGroup = 1520FDCE1B33E6D2000A5717;
			productRefGroup = 1520FDD81B33E6D2000A5717 /* Products */;
			projectDirPath = "";
			projectRoot = "";
			targets = (
				1520FDD61B33E6D2000A5717 /* ApplicationManager */,
				1520FDEF1B33E6D2000A5717 /* ApplicationManagerTests */,
			);
		};
/* End PBXProject section */

/* Begin PBXResourcesBuildPhase section */
		1520FDD51B33E6D2000A5717 /* Resources */ = {
			isa = PBXResourcesBuildPhase;
			buildActionMask = 2147483647;
			files = (
				1520FE011B33E798000A5717 /* app.plist in Resources */,
				1520FDE61B33E6D2000A5717 /* Main.storyboard in Resources */,
				1520FDEB1B33E6D2000A5717 /* LaunchScreen.xib in Resources */,
				1520FE091B33F442000A5717 /* AppView.xib in Resources */,
				1520FDE81B33E6D2000A5717 /* Images.xcassets in Resources */,
			);
			runOnlyForDeploymentPostprocessing = 0;
		};
		1520FDEE1B33E6D2000A5717 /* Resources */ = {
			isa = PBXResourcesBuildPhase;
			buildActionMask = 2147483647;
			files = (
			);
			runOnlyForDeploymentPostprocessing = 0;
		};
/* End PBXResourcesBuildPhase section */

/* Begin PBXSourcesBuildPhase section */
		1520FDD31B33E6D2000A5717 /* Sources */ = {
			isa = PBXSourcesBuildPhase;
			buildActionMask = 2147483647;
			files = (
				1520FDE31B33E6D2000A5717 /* ViewController.m in Sources */,
				1520FE041B33E802000A5717 /* AppInfo.m in Sources */,
				1520FE071B33F411000A5717 /* AppView.m in Sources */,
				1520FDE01B33E6D2000A5717 /* AppDelegate.m in Sources */,
				1520FDDD1B33E6D2000A5717 /* main.m in Sources */,
			);
			runOnlyForDeploymentPostprocessing = 0;
		};
		1520FDEC1B33E6D2000A5717 /* Sources */ = {
			isa = PBXSourcesBuildPhase;
			buildActionMask = 2147483647;
			files = (
				1520FDF71B33E6D2000A5717 /* ApplicationManagerTests.m in Sources */,
			);
			runOnlyForDeploymentPostprocessing = 0;
		};
/* End PBXSourcesBuildPhase section */

/* Begin PBXTargetDependency section */
		1520FDF21B33E6D2000A5717 /* PBXTargetDependency */ = {
			isa = PBXTargetDependency;
			target = 1520FDD61B33E6D2000A5717 /* ApplicationManager */;
			targetProxy = 1520FDF11B33E6D2000A5717 /* PBXContainerItemProxy */;
		};
/* End PBXTargetDependency section */

/* Begin PBXVariantGroup section */
		1520FDE41B33E6D2000A5717 /* Main.storyboard */ = {
			isa = PBXVariantGroup;
			children = (
				1520FDE51B33E6D2000A5717 /* Base */,
			);
			name = Main.storyboard;
			sourceTree = "<group>";
		};
		1520FDE91B33E6D2000A5717 /* LaunchScreen.xib */ = {
			isa = PBXVariantGroup;
			children = (
				1520FDEA1B33E6D2000A5717 /* Base */,
			);
			name = LaunchScreen.xib;
			sourceTree = "<group>";
		};
/* End PBXVariantGroup section */

/* Begin XCBuildConfiguration section */
		1520FDF81B33E6D2000A5717 /* Debug */ = {
			isa = XCBuildConfiguration;
			buildSettings = {
				ALWAYS_SEARCH_USER_PATHS = NO;
				CLANG_CXX_LANGUAGE_STANDARD = "gnu++0x";
				CLANG_CXX_LIBRARY = "libc++";
				CLANG_ENABLE_MODULES = YES;
				CLANG_ENABLE_OBJC_ARC = YES;
				CLANG_WARN_BOOL_CONVERSION = YES;
				CLANG_WARN_CONSTANT_CONVERSION = YES;
				CLANG_WARN_DIRECT_OBJC_ISA_USAGE = YES_ERROR;
				CLANG_WARN_EMPTY_BODY = YES;
				CLANG_WARN_ENUM_CONVERSION = YES;
				CLANG_WARN_INT_CONVERSION = YES;
				CLANG_WARN_OBJC_ROOT_CLASS = YES_ERROR;
				CLANG_WARN_UNREACHABLE_CODE = YES;
				CLANG_WARN__DUPLICATE_METHOD_MATCH = YES;
				"CODE_SIGN_IDENTITY[sdk=iphoneos*]" = "iPhone Developer";
				COPY_PHASE_STRIP = NO;
				DEBUG_INFORMATION_FORMAT = "dwarf-with-dsym";
				ENABLE_STRICT_OBJC_MSGSEND = YES;
				GCC_C_LANGUAGE_STANDARD = gnu99;
				GCC_DYNAMIC_NO_PIC = NO;
				GCC_NO_COMMON_BLOCKS = YES;
				GCC_OPTIMIZATION_LEVEL = 0;
				GCC_PREPROCESSOR_DEFINITIONS = (
					"DEBUG=1",
					"$(inherited)",
				);
				GCC_SYMBOLS_PRIVATE_EXTERN = NO;
				GCC_WARN_64_TO_32_BIT_CONVERSION = YES;
				GCC_WARN_ABOUT_RETURN_TYPE = YES_ERROR;
				GCC_WARN_UNDECLARED_SELECTOR = YES;
				GCC_WARN_UNINITIALIZED_AUTOS = YES_AGGRESSIVE;
				GCC_WARN_UNUSED_FUNCTION = YES;
				GCC_WARN_UNUSED_VARIABLE = YES;
				IPHONEOS_DEPLOYMENT_TARGET = 8.4;
				MTL_ENABLE_DEBUG_INFO = YES;
				ONLY_ACTIVE_ARCH = YES;
				SDKROOT = iphoneos;
			};
			name = Debug;
		};
		1520FDF91B33E6D2000A5717 /* Release */ = {
			isa = XCBuildConfiguration;
			buildSettings = {
				ALWAYS_SEARCH_USER_PATHS = NO;
				CLANG_CXX_LANGUAGE_STANDARD = "gnu++0x";
				CLANG_CXX_LIBRARY = "libc++";
				CLANG_ENABLE_MODULES = YES;
				CLANG_ENABLE_OBJC_ARC = YES;
				CLANG_WARN_BOOL_CONVERSION = YES;
				CLANG_WARN_CONSTANT_CONVERSION = YES;
				CLANG_WARN_DIRECT_OBJC_ISA_USAGE = YES_ERROR;
				CLANG_WARN_EMPTY_BODY = YES;
				CLANG_WARN_ENUM_CONVERSION = YES;
				CLANG_WARN_INT_CONVERSION = YES;
				CLANG_WARN_OBJC_ROOT_CLASS = YES_ERROR;
				CLANG_WARN_UNREACHABLE_CODE = YES;
				CLANG_WARN__DUPLICATE_METHOD_MATCH = YES;
				"CODE_SIGN_IDENTITY[sdk=iphoneos*]" = "iPhone Developer";
				COPY_PHASE_STRIP = NO;
				DEBUG_INFORMATION_FORMAT = "dwarf-with-dsym";
				ENABLE_NS_ASSERTIONS = NO;
				ENABLE_STRICT_OBJC_MSGSEND = YES;
				GCC_C_LANGUAGE_STANDARD = gnu99;
				GCC_NO_COMMON_BLOCKS = YES;
				GCC_WARN_64_TO_32_BIT_CONVERSION = YES;
				GCC_WARN_ABOUT_RETURN_TYPE = YES_ERROR;
				GCC_WARN_UNDECLARED_SELECTOR = YES;
				GCC_WARN_UNINITIALIZED_AUTOS = YES_AGGRESSIVE;
				GCC_WARN_UNUSED_FUNCTION = YES;
				GCC_WARN_UNUSED_VARIABLE = YES;
				IPHONEOS_DEPLOYMENT_TARGET = 8.4;
				MTL_ENABLE_DEBUG_INFO = NO;
				SDKROOT = iphoneos;
				VALIDATE_PRODUCT = YES;
			};
			name = Release;
		};
		1520FDFB1B33E6D2000A5717 /* Debug */ = {
			isa = XCBuildConfiguration;
			buildSettings = {
				ASSETCATALOG_COMPILER_APPICON_NAME = AppIcon;
				INFOPLIST_FILE = ApplicationManager/Info.plist;
				LD_RUNPATH_SEARCH_PATHS = "$(inherited) @executable_path/Frameworks";
				PRODUCT_NAME = "$(TARGET_NAME)";
			};
			name = Debug;
		};
		1520FDFC1B33E6D2000A5717 /* Release */ = {
			isa = XCBuildConfiguration;
			buildSettings = {
				ASSETCATALOG_COMPILER_APPICON_NAME = AppIcon;
				INFOPLIST_FILE = ApplicationManager/Info.plist;
				LD_RUNPATH_SEARCH_PATHS = "$(inherited) @executable_path/Frameworks";
				PRODUCT_NAME = "$(TARGET_NAME)";
			};
			name = Release;
		};
		1520FDFE1B33E6D2000A5717 /* Debug */ = {
			isa = XCBuildConfiguration;
			buildSettings = {
				BUNDLE_LOADER = "$(TEST_HOST)";
				FRAMEWORK_SEARCH_PATHS = (
					"$(SDKROOT)/Developer/Library/Frameworks",
					"$(inherited)",
				);
				GCC_PREPROCESSOR_DEFINITIONS = (
					"DEBUG=1",
					"$(inherited)",
				);
				INFOPLIST_FILE = ApplicationManagerTests/Info.plist;
				LD_RUNPATH_SEARCH_PATHS = "$(inherited) @executable_path/Frameworks @loader_path/Frameworks";
				PRODUCT_NAME = "$(TARGET_NAME)";
				TEST_HOST = "$(BUILT_PRODUCTS_DIR)/ApplicationManager.app/ApplicationManager";
			};
			name = Debug;
		};
		1520FDFF1B33E6D2000A5717 /* Release */ = {
			isa = XCBuildConfiguration;
			buildSettings = {
				BUNDLE_LOADER = "$(TEST_HOST)";
				FRAMEWORK_SEARCH_PATHS = (
					"$(SDKROOT)/Developer/Library/Frameworks",
					"$(inherited)",
				);
				INFOPLIST_FILE = ApplicationManagerTests/Info.plist;
				LD_RUNPATH_SEARCH_PATHS = "$(inherited) @executable_path/Frameworks @loader_path/Frameworks";
				PRODUCT_NAME = "$(TARGET_NAME)";
				TEST_HOST = "$(BUILT_PRODUCTS_DIR)/ApplicationManager.app/ApplicationManager";
			};
			name = Release;
		};
/* End XCBuildConfiguration section */

/* Begin XCConfigurationList section */
		1520FDD21B33E6D2000A5717 /* Build configuration list for PBXProject "ApplicationManager" */ = {
			isa = XCConfigurationList;
			buildConfigurations = (
				1520FDF81B33E6D2000A5717 /* Debug */,
				1520FDF91B33E6D2000A5717 /* Release */,
			);
			defaultConfigurationIsVisible = 0;
			defaultConfigurationName = Release;
		};
		1520FDFA1B33E6D2000A5717 /* Build configuration list for PBXNativeTarget "ApplicationManager" */ = {
			isa = XCConfigurationList;
			buildConfigurations = (
				1520FDFB1B33E6D2000A5717 /* Debug */,
				1520FDFC1B33E6D2000A5717 /* Release */,
			);
			defaultConfigurationIsVisible = 0;
		};
		1520FDFD1B33E6D2000A5717 /* Build configuration list for PBXNativeTarget "ApplicationManagerTests" */ = {
			isa = XCConfigurationList;
			buildConfigurations = (
				1520FDFE1B33E6D2000A5717 /* Debug */,
				1520FDFF1B33E6D2000A5717 /* Release */,
			);
			defaultConfigurationIsVisible = 0;
		};
/* End XCConfigurationList section */
	};
	rootObject = 1520FDCF1B33E6D2000A5717 /* Project object */;
}
